
Microsoft Visual Studio Solution File, Format Version 12.00
# Visual Studio Version 17
VisualStudioVersion = 17.5.33414.496
MinimumVisualStudioVersion = 10.0.40219.1
Project("{FAE04EC0-301F-11D3-BF4B-00C04F79EFBC}") = "lab4", "lab4\lab4.csproj", "{DBA1FA53-ECFB-46D2-98B5-5021EBD03172}"
EndProject
Global
	GlobalSection(SolutionConfigurationPlatforms) = preSolution
		Debug|Any CPU = Debug|Any CPU
		Release|Any CPU = Release|Any CPU
	EndGlobalSection
	GlobalSection(ProjectConfigurationPlatforms) = postSolution
		{DBA1FA53-ECFB-46D2-98B5-5021EBD03172}.Debug|Any CPU.ActiveCfg = Debug|Any CPU
		{DBA1FA53-ECFB-46D2-98B5-5021EBD03172}.Debug|Any CPU.Build.0 = Debug|Any CPU
		{DBA1FA53-ECFB-46D2-98B5-5021EBD03172}.Release|Any CPU.ActiveCfg = Release|Any CPU
		{DBA1FA53-ECFB-46D2-98B5-5021EBD03172}.Release|Any CPU.Build.0 = Release|Any CPU
	EndGlobalSection
	GlobalSection(SolutionProperties) = preSolution
		HideSolutionNode = FALSE
	EndGlobalSection
	GlobalSection(ExtensibilityGlobals) = postSolution
		SolutionGuid = {E720079F-F9A8-4DEC-8B13-139A0A4BC2F3}
	EndGlobalSection
EndGlobal
